
Microsoft Visual Studio Solution File, Format Version 12.00
# Visual Studio 14
VisualStudioVersion = 14.0.23107.0
MinimumVisualStudioVersion = 10.0.40219.1
Project("{8BC9CEB8-8B4A-11D0-8D11-00A0C91BC942}") = "pvr_client", "pvr_client\pvr_client.vcxproj", "{C3B65033-2A88-4B45-8DDB-EC990CF0DEF0}"
EndProject
Project("{8BC9CEB8-8B4A-11D0-8D11-00A0C91BC942}") = "chinachu", "chinachu\chinachu.vcxproj", "{7C081EBB-5B67-4F16-8421-654C46E7A8D4}"
EndProject
Global
	GlobalSection(SolutionConfigurationPlatforms) = preSolution
		Debug|x64 = Debug|x64
		Debug|x86 = Debug|x86
		Release|x64 = Release|x64
		Release|x86 = Release|x86
	EndGlobalSection
	GlobalSection(ProjectConfigurationPlatforms) = postSolution
		{C3B65033-2A88-4B45-8DDB-EC990CF0DEF0}.Debug|x64.ActiveCfg = Debug|Win32
		{C3B65033-2A88-4B45-8DDB-EC990CF0DEF0}.Debug|x64.Build.0 = Debug|Win32
		{C3B65033-2A88-4B45-8DDB-EC990CF0DEF0}.Debug|x86.ActiveCfg = Debug|Win32
		{C3B65033-2A88-4B45-8DDB-EC990CF0DEF0}.Debug|x86.Build.0 = Debug|Win32
		{C3B65033-2A88-4B45-8DDB-EC990CF0DEF0}.Release|x64.ActiveCfg = Release|x64
		{C3B65033-2A88-4B45-8DDB-EC990CF0DEF0}.Release|x64.Build.0 = Release|x64
		{C3B65033-2A88-4B45-8DDB-EC990CF0DEF0}.Release|x86.ActiveCfg = Release|Win32
		{C3B65033-2A88-4B45-8DDB-EC990CF0DEF0}.Release|x86.Build.0 = Release|Win32
		{7C081EBB-5B67-4F16-8421-654C46E7A8D4}.Debug|x64.ActiveCfg = Debug|Win32
		{7C081EBB-5B67-4F16-8421-654C46E7A8D4}.Debug|x64.Build.0 = Debug|Win32
		{7C081EBB-5B67-4F16-8421-654C46E7A8D4}.Debug|x86.ActiveCfg = Debug|Win32
		{7C081EBB-5B67-4F16-8421-654C46E7A8D4}.Debug|x86.Build.0 = Debug|Win32
		{7C081EBB-5B67-4F16-8421-654C46E7A8D4}.Release|x64.ActiveCfg = Release|x64
		{7C081EBB-5B67-4F16-8421-654C46E7A8D4}.Release|x64.Build.0 = Release|x64
		{7C081EBB-5B67-4F16-8421-654C46E7A8D4}.Release|x86.ActiveCfg = Release|Win32
		{7C081EBB-5B67-4F16-8421-654C46E7A8D4}.Release|x86.Build.0 = Release|Win32
	EndGlobalSection
	GlobalSection(SolutionProperties) = preSolution
		HideSolutionNode = FALSE
	EndGlobalSection
EndGlobal
